// !$*UTF8*$!
{
	archiveVersion = 1;
	classes = {
	};
	objectVersion = 56;
	objects = {

/* Begin PBXBuildFile section */
		4043453D2C9E609300FF0B31 /* BottomBar.swift in Sources */ = {isa = PBXBuildFile; fileRef = 4043453C2C9E609300FF0B31 /* BottomBar.swift */; };
		404345412C9E6EE700FF0B31 /* NavOne.swift in Sources */ = {isa = PBXBuildFile; fileRef = 404345402C9E6EE700FF0B31 /* NavOne.swift */; };
		404345432C9E6EF200FF0B31 /* NavTwo.swift in Sources */ = {isa = PBXBuildFile; fileRef = 404345422C9E6EF200FF0B31 /* NavTwo.swift */; };
		404345452C9E6EFD00FF0B31 /* NavThree.swift in Sources */ = {isa = PBXBuildFile; fileRef = 404345442C9E6EFD00FF0B31 /* NavThree.swift */; };
		404345472C9E6F0700FF0B31 /* NavFour.swift in Sources */ = {isa = PBXBuildFile; fileRef = 404345462C9E6F0700FF0B31 /* NavFour.swift */; };
		404965932CA12AE400285B89 /* CurrentLocation.swift in Sources */ = {isa = PBXBuildFile; fileRef = 404965922CA12AE400285B89 /* CurrentLocation.swift */; };
		404965952CA12B1D00285B89 /* LocationManager.swift in Sources */ = {isa = PBXBuildFile; fileRef = 404965942CA12B1D00285B89 /* LocationManager.swift */; };
		4058DE152C9AEA0B006C5D85 /* UI_DesignApp.swift in Sources */ = {isa = PBXBuildFile; fileRef = 4058DE142C9AEA0B006C5D85 /* UI_DesignApp.swift */; };
		4058DE172C9AEA0B006C5D85 /* ContentView.swift in Sources */ = {isa = PBXBuildFile; fileRef = 4058DE162C9AEA0B006C5D85 /* ContentView.swift */; };
		4058DE192C9AEA0C006C5D85 /* Assets.xcassets in Resources */ = {isa = PBXBuildFile; fileRef = 4058DE182C9AEA0C006C5D85 /* Assets.xcassets */; };
		4058DE1C2C9AEA0C006C5D85 /* Preview Assets.xcassets in Resources */ = {isa = PBXBuildFile; fileRef = 4058DE1B2C9AEA0C006C5D85 /* Preview Assets.xcassets */; };
		4058DE252C9AEADB006C5D85 /* One.swift in Sources */ = {isa = PBXBuildFile; fileRef = 4058DE242C9AEADB006C5D85 /* One.swift */; };
		408B35922C9BFC0600B061DC /* OnBoardScreen.swift in Sources */ = {isa = PBXBuildFile; fileRef = 408B35912C9BFC0600B061DC /* OnBoardScreen.swift */; };
		408B35952C9C314F00B061DC /* EcommerceApp.swift in Sources */ = {isa = PBXBuildFile; fileRef = 408B35942C9C314F00B061DC /* EcommerceApp.swift */; };
		40B2D97A2C9D78B100548F1D /* Ecommerce.swift in Sources */ = {isa = PBXBuildFile; fileRef = 40B2D9792C9D78B100548F1D /* Ecommerce.swift */; };
		40F111022CA15AFA00249216 /* CurrentLocationManager.swift in Sources */ = {isa = PBXBuildFile; fileRef = 40F111012CA15AFA00249216 /* CurrentLocationManager.swift */; };
/* End PBXBuildFile section */

/* Begin PBXFileReference section */
		4043453C2C9E609300FF0B31 /* BottomBar.swift */ = {isa = PBXFileReference; lastKnownFileType = sourcecode.swift; path = BottomBar.swift; sourceTree = "<group>"; };
		404345402C9E6EE700FF0B31 /* NavOne.swift */ = {isa = PBXFileReference; lastKnownFileType = sourcecode.swift; path = NavOne.swift; sourceTree = "<group>"; };
		404345422C9E6EF200FF0B31 /* NavTwo.swift */ = {isa = PBXFileReference; lastKnownFileType = sourcecode.swift; path = NavTwo.swift; sourceTree = "<group>"; };
		404345442C9E6EFD00FF0B31 /* NavThree.swift */ = {isa = PBXFileReference; lastKnownFileType = sourcecode.swift; path = NavThree.swift; sourceTree = "<group>"; };
		404345462C9E6F0700FF0B31 /* NavFour.swift */ = {isa = PBXFileReference; lastKnownFileType = sourcecode.swift; path = NavFour.swift; sourceTree = "<group>"; };
		404965922CA12AE400285B89 /* CurrentLocation.swift */ = {isa = PBXFileReference; lastKnownFileType = sourcecode.swift; path = CurrentLocation.swift; sourceTree = "<group>"; };
		404965942CA12B1D00285B89 /* LocationManager.swift */ = {isa = PBXFileReference; lastKnownFileType = sourcecode.swift; path = LocationManager.swift; sourceTree = "<group>"; };
		404965962CA12C4900285B89 /* UI-Design-Info.plist */ = {isa = PBXFileReference; lastKnownFileType = text.plist; path = "UI-Design-Info.plist"; sourceTree = SOURCE_ROOT; };
		4058DE112C9AEA0B006C5D85 /* UI Design.app */ = {isa = PBXFileReference; explicitFileType = wrapper.application; includeInIndex = 0; path = "UI Design.app"; sourceTree = BUILT_PRODUCTS_DIR; };
		4058DE142C9AEA0B006C5D85 /* UI_DesignApp.swift */ = {isa = PBXFileReference; lastKnownFileType = sourcecode.swift; path = UI_DesignApp.swift; sourceTree = "<group>"; };
		4058DE162C9AEA0B006C5D85 /* ContentView.swift */ = {isa = PBXFileReference; lastKnownFileType = sourcecode.swift; path = ContentView.swift; sourceTree = "<group>"; };
		4058DE182C9AEA0C006C5D85 /* Assets.xcassets */ = {isa = PBXFileReference; lastKnownFileType = folder.assetcatalog; path = Assets.xcassets; sourceTree = "<group>"; };
		4058DE1B2C9AEA0C006C5D85 /* Preview Assets.xcassets */ = {isa = PBXFileReference; lastKnownFileType = folder.assetcatalog; path = "Preview Assets.xcassets"; sourceTree = "<group>"; };
		4058DE242C9AEADB006C5D85 /* One.swift */ = {isa = PBXFileReference; lastKnownFileType = sourcecode.swift; path = One.swift; sourceTree = "<group>"; };
		408B35912C9BFC0600B061DC /* OnBoardScreen.swift */ = {isa = PBXFileReference; lastKnownFileType = sourcecode.swift; path = OnBoardScreen.swift; sourceTree = "<group>"; };
		408B35942C9C314F00B061DC /* EcommerceApp.swift */ = {isa = PBXFileReference; lastKnownFileType = sourcecode.swift; path = EcommerceApp.swift; sourceTree = "<group>"; };
		40B2D9792C9D78B100548F1D /* Ecommerce.swift */ = {isa = PBXFileReference; lastKnownFileType = sourcecode.swift; path = Ecommerce.swift; sourceTree = "<group>"; };
		40F111012CA15AFA00249216 /* CurrentLocationManager.swift */ = {isa = PBXFileReference; lastKnownFileType = sourcecode.swift; path = CurrentLocationManager.swift; sourceTree = "<group>"; };
/* End PBXFileReference section */

/* Begin PBXFrameworksBuildPhase section */
		4058DE0E2C9AEA0B006C5D85 /* Frameworks */ = {
			isa = PBXFrameworksBuildPhase;
			buildActionMask = 2147483647;
			files = (
			);
			runOnlyForDeploymentPostprocessing = 0;
		};
/* End PBXFrameworksBuildPhase section */

/* Begin PBXGroup section */
		4043453A2C9E607A00FF0B31 /* BottomBar */ = {
			isa = PBXGroup;
			children = (
				4043453C2C9E609300FF0B31 /* BottomBar.swift */,
				404345482C9E6F0D00FF0B31 /* Widget */,
			);
			path = BottomBar;
			sourceTree = "<group>";
		};
		404345482C9E6F0D00FF0B31 /* Widget */ = {
			isa = PBXGroup;
			children = (
				404345402C9E6EE700FF0B31 /* NavOne.swift */,
				404345422C9E6EF200FF0B31 /* NavTwo.swift */,
				404345442C9E6EFD00FF0B31 /* NavThree.swift */,
				404345462C9E6F0700FF0B31 /* NavFour.swift */,
			);
			path = Widget;
			sourceTree = "<group>";
		};
		4049658F2CA12AA000285B89 /* Location */ = {
			isa = PBXGroup;
			children = (
				404965922CA12AE400285B89 /* CurrentLocation.swift */,
				404965942CA12B1D00285B89 /* LocationManager.swift */,
				40F111012CA15AFA00249216 /* CurrentLocationManager.swift */,
			);
			name = Location;
			sourceTree = "<group>";
		};
		4058DE082C9AEA0B006C5D85 = {
			isa = PBXGroup;
			children = (
				4058DE132C9AEA0B006C5D85 /* UI Design */,
				4058DE122C9AEA0B006C5D85 /* Products */,
			);
			sourceTree = "<group>";
		};
		4058DE122C9AEA0B006C5D85 /* Products */ = {
			isa = PBXGroup;
			children = (
				4058DE112C9AEA0B006C5D85 /* UI Design.app */,
			);
			name = Products;
			sourceTree = "<group>";
		};
		4058DE132C9AEA0B006C5D85 /* UI Design */ = {
			isa = PBXGroup;
			children = (
				404965962CA12C4900285B89 /* UI-Design-Info.plist */,
				4049658F2CA12AA000285B89 /* Location */,
				4043453A2C9E607A00FF0B31 /* BottomBar */,
				40B2D9782C9D788C00548F1D /* Ecommerce */,
				4058DE142C9AEA0B006C5D85 /* UI_DesignApp.swift */,
				4058DE162C9AEA0B006C5D85 /* ContentView.swift */,
				4058DE182C9AEA0C006C5D85 /* Assets.xcassets */,
				408B358F2C9BFBB900B061DC /* Google */,
				408B35902C9BFBCB00B061DC /* OnBoardScreen */,
				408B35932C9C313500B061DC /* Ecommerce */,
				4058DE1A2C9AEA0C006C5D85 /* Preview Content */,
			);
			path = "UI Design";
			sourceTree = "<group>";
		};
		4058DE1A2C9AEA0C006C5D85 /* Preview Content */ = {
			isa = PBXGroup;
			children = (
				4058DE1B2C9AEA0C006C5D85 /* Preview Assets.xcassets */,
			);
			path = "Preview Content";
			sourceTree = "<group>";
		};
		408B358F2C9BFBB900B061DC /* Google */ = {
			isa = PBXGroup;
			children = (
				4058DE242C9AEADB006C5D85 /* One.swift */,
			);
			path = Google;
			sourceTree = "<group>";
		};
		408B35902C9BFBCB00B061DC /* OnBoardScreen */ = {
			isa = PBXGroup;
			children = (
				408B35912C9BFC0600B061DC /* OnBoardScreen.swift */,
			);
			name = OnBoardScreen;
			sourceTree = "<group>";
		};
		408B35932C9C313500B061DC /* Ecommerce */ = {
			isa = PBXGroup;
			children = (
				408B35942C9C314F00B061DC /* EcommerceApp.swift */,
			);
			name = Ecommerce;
			sourceTree = "<group>";
		};
		40B2D9782C9D788C00548F1D /* Ecommerce */ = {
			isa = PBXGroup;
			children = (
				40B2D9792C9D78B100548F1D /* Ecommerce.swift */,
			);
			name = Ecommerce;
			sourceTree = "<group>";
		};
/* End PBXGroup section */

/* Begin PBXNativeTarget section */
		4058DE102C9AEA0B006C5D85 /* UI Design */ = {
			isa = PBXNativeTarget;
			buildConfigurationList = 4058DE1F2C9AEA0C006C5D85 /* Build configuration list for PBXNativeTarget "UI Design" */;
			buildPhases = (
				4058DE0D2C9AEA0B006C5D85 /* Sources */,
				4058DE0E2C9AEA0B006C5D85 /* Frameworks */,
				4058DE0F2C9AEA0B006C5D85 /* Resources */,
			);
			buildRules = (
			);
			dependencies = (
			);
			name = "UI Design";
			productName = "UI Design";
			productReference = 4058DE112C9AEA0B006C5D85 /* UI Design.app */;
			productType = "com.apple.product-type.application";
		};
/* End PBXNativeTarget section */

/* Begin PBXProject section */
		4058DE092C9AEA0B006C5D85 /* Project object */ = {
			isa = PBXProject;
			attributes = {
				BuildIndependentTargetsInParallel = 1;
				LastSwiftUpdateCheck = 1530;
				LastUpgradeCheck = 1530;
				TargetAttributes = {
					4058DE102C9AEA0B006C5D85 = {
						CreatedOnToolsVersion = 15.3;
					};
				};
			};
			buildConfigurationList = 4058DE0C2C9AEA0B006C5D85 /* Build configuration list for PBXProject "UI Design" */;
			compatibilityVersion = "Xcode 14.0";
			developmentRegion = en;
			hasScannedForEncodings = 0;
			knownRegions = (
				en,
				Base,
			);
			mainGroup = 4058DE082C9AEA0B006C5D85;
			productRefGroup = 4058DE122C9AEA0B006C5D85 /* Products */;
			projectDirPath = "";
			projectRoot = "";
			targets = (
				4058DE102C9AEA0B006C5D85 /* UI Design */,
			);
		};
/* End PBXProject section */

/* Begin PBXResourcesBuildPhase section */
		4058DE0F2C9AEA0B006C5D85 /* Resources */ = {
			isa = PBXResourcesBuildPhase;
			buildActionMask = 2147483647;
			files = (
				4058DE1C2C9AEA0C006C5D85 /* Preview Assets.xcassets in Resources */,
				4058DE192C9AEA0C006C5D85 /* Assets.xcassets in Resources */,
			);
			runOnlyForDeploymentPostprocessing = 0;
		};
/* End PBXResourcesBuildPhase section */

/* Begin PBXSourcesBuildPhase section */
		4058DE0D2C9AEA0B006C5D85 /* Sources */ = {
			isa = PBXSourcesBuildPhase;
			buildActionMask = 2147483647;
			files = (
				404965932CA12AE400285B89 /* CurrentLocation.swift in Sources */,
				404345452C9E6EFD00FF0B31 /* NavThree.swift in Sources */,
				40B2D97A2C9D78B100548F1D /* Ecommerce.swift in Sources */,
				408B35952C9C314F00B061DC /* EcommerceApp.swift in Sources */,
				4058DE172C9AEA0B006C5D85 /* ContentView.swift in Sources */,
				408B35922C9BFC0600B061DC /* OnBoardScreen.swift in Sources */,
				40F111022CA15AFA00249216 /* CurrentLocationManager.swift in Sources */,
				404345472C9E6F0700FF0B31 /* NavFour.swift in Sources */,
				4043453D2C9E609300FF0B31 /* BottomBar.swift in Sources */,
				404345432C9E6EF200FF0B31 /* NavTwo.swift in Sources */,
				4058DE152C9AEA0B006C5D85 /* UI_DesignApp.swift in Sources */,
				404345412C9E6EE700FF0B31 /* NavOne.swift in Sources */,
				4058DE252C9AEADB006C5D85 /* One.swift in Sources */,
				404965952CA12B1D00285B89 /* LocationManager.swift in Sources */,
			);
			runOnlyForDeploymentPostprocessing = 0;
		};
/* End PBXSourcesBuildPhase section */

/* Begin XCBuildConfiguration section */
		4058DE1D2C9AEA0C006C5D85 /* Debug */ = {
			isa = XCBuildConfiguration;
			buildSettings = {
				ALWAYS_SEARCH_USER_PATHS = NO;
				ASSETCATALOG_COMPILER_GENERATE_SWIFT_ASSET_SYMBOL_EXTENSIONS = YES;
				CLANG_ANALYZER_NONNULL = YES;
				CLANG_ANALYZER_NUMBER_OBJECT_CONVERSION = YES_AGGRESSIVE;
				CLANG_CXX_LANGUAGE_STANDARD = "gnu++20";
				CLANG_ENABLE_MODULES = YES;
				CLANG_ENABLE_OBJC_ARC = YES;
				CLANG_ENABLE_OBJC_WEAK = YES;
				CLANG_WARN_BLOCK_CAPTURE_AUTORELEASING = YES;
				CLANG_WARN_BOOL_CONVERSION = YES;
				CLANG_WARN_COMMA = YES;
				CLANG_WARN_CONSTANT_CONVERSION = YES;
				CLANG_WARN_DEPRECATED_OBJC_IMPLEMENTATIONS = YES;
				CLANG_WARN_DIRECT_OBJC_ISA_USAGE = YES_ERROR;
				CLANG_WARN_DOCUMENTATION_COMMENTS = YES;
				CLANG_WARN_EMPTY_BODY = YES;
				CLANG_WARN_ENUM_CONVERSION = YES;
				CLANG_WARN_INFINITE_RECURSION = YES;
				CLANG_WARN_INT_CONVERSION = YES;
				CLANG_WARN_NON_LITERAL_NULL_CONVERSION = YES;
				CLANG_WARN_OBJC_IMPLICIT_RETAIN_SELF = YES;
				CLANG_WARN_OBJC_LITERAL_CONVERSION = YES;
				CLANG_WARN_OBJC_ROOT_CLASS = YES_ERROR;
				CLANG_WARN_QUOTED_INCLUDE_IN_FRAMEWORK_HEADER = YES;
				CLANG_WARN_RANGE_LOOP_ANALYSIS = YES;
				CLANG_WARN_STRICT_PROTOTYPES = YES;
				CLANG_WARN_SUSPICIOUS_MOVE = YES;
				CLANG_WARN_UNGUARDED_AVAILABILITY = YES_AGGRESSIVE;
				CLANG_WARN_UNREACHABLE_CODE = YES;
				CLANG_WARN__DUPLICATE_METHOD_MATCH = YES;
				COPY_PHASE_STRIP = NO;
				DEBUG_INFORMATION_FORMAT = dwarf;
				ENABLE_STRICT_OBJC_MSGSEND = YES;
				ENABLE_TESTABILITY = YES;
				ENABLE_USER_SCRIPT_SANDBOXING = YES;
				GCC_C_LANGUAGE_STANDARD = gnu17;
				GCC_DYNAMIC_NO_PIC = NO;
				GCC_NO_COMMON_BLOCKS = YES;
				GCC_OPTIMIZATION_LEVEL = 0;
				GCC_PREPROCESSOR_DEFINITIONS = (
					"DEBUG=1",
					"$(inherited)",
				);
				GCC_WARN_64_TO_32_BIT_CONVERSION = YES;
				GCC_WARN_ABOUT_RETURN_TYPE = YES_ERROR;
				GCC_WARN_UNDECLARED_SELECTOR = YES;
				GCC_WARN_UNINITIALIZED_AUTOS = YES_AGGRESSIVE;
				GCC_WARN_UNUSED_FUNCTION = YES;
				GCC_WARN_UNUSED_VARIABLE = YES;
				IPHONEOS_DEPLOYMENT_TARGET = 17.4;
				LOCALIZATION_PREFERS_STRING_CATALOGS = YES;
				MTL_ENABLE_DEBUG_INFO = INCLUDE_SOURCE;
				MTL_FAST_MATH = YES;
				ONLY_ACTIVE_ARCH = YES;
				SDKROOT = iphoneos;
				SWIFT_ACTIVE_COMPILATION_CONDITIONS = "DEBUG $(inherited)";
				SWIFT_OPTIMIZATION_LEVEL = "-Onone";
			};
			name = Debug;
		};
		4058DE1E2C9AEA0C006C5D85 /* Release */ = {
			isa = XCBuildConfiguration;
			buildSettings = {
				ALWAYS_SEARCH_USER_PATHS = NO;
				ASSETCATALOG_COMPILER_GENERATE_SWIFT_ASSET_SYMBOL_EXTENSIONS = YES;
				CLANG_ANALYZER_NONNULL = YES;
				CLANG_ANALYZER_NUMBER_OBJECT_CONVERSION = YES_AGGRESSIVE;
				CLANG_CXX_LANGUAGE_STANDARD = "gnu++20";
				CLANG_ENABLE_MODULES = YES;
				CLANG_ENABLE_OBJC_ARC = YES;
				CLANG_ENABLE_OBJC_WEAK = YES;
				CLANG_WARN_BLOCK_CAPTURE_AUTORELEASING = YES;
				CLANG_WARN_BOOL_CONVERSION = YES;
				CLANG_WARN_COMMA = YES;
				CLANG_WARN_CONSTANT_CONVERSION = YES;
				CLANG_WARN_DEPRECATED_OBJC_IMPLEMENTATIONS = YES;
				CLANG_WARN_DIRECT_OBJC_ISA_USAGE = YES_ERROR;
				CLANG_WARN_DOCUMENTATION_COMMENTS = YES;
				CLANG_WARN_EMPTY_BODY = YES;
				CLANG_WARN_ENUM_CONVERSION = YES;
				CLANG_WARN_INFINITE_RECURSION = YES;
				CLANG_WARN_INT_CONVERSION = YES;
				CLANG_WARN_NON_LITERAL_NULL_CONVERSION = YES;
				CLANG_WARN_OBJC_IMPLICIT_RETAIN_SELF = YES;
				CLANG_WARN_OBJC_LITERAL_CONVERSION = YES;
				CLANG_WARN_OBJC_ROOT_CLASS = YES_ERROR;
				CLANG_WARN_QUOTED_INCLUDE_IN_FRAMEWORK_HEADER = YES;
				CLANG_WARN_RANGE_LOOP_ANALYSIS = YES;
				CLANG_WARN_STRICT_PROTOTYPES = YES;
				CLANG_WARN_SUSPICIOUS_MOVE = YES;
				CLANG_WARN_UNGUARDED_AVAILABILITY = YES_AGGRESSIVE;
				CLANG_WARN_UNREACHABLE_CODE = YES;
				CLANG_WARN__DUPLICATE_METHOD_MATCH = YES;
				COPY_PHASE_STRIP = NO;
				DEBUG_INFORMATION_FORMAT = "dwarf-with-dsym";
				ENABLE_NS_ASSERTIONS = NO;
				ENABLE_STRICT_OBJC_MSGSEND = YES;
				ENABLE_USER_SCRIPT_SANDBOXING = YES;
				GCC_C_LANGUAGE_STANDARD = gnu17;
				GCC_NO_COMMON_BLOCKS = YES;
				GCC_WARN_64_TO_32_BIT_CONVERSION = YES;
				GCC_WARN_ABOUT_RETURN_TYPE = YES_ERROR;
				GCC_WARN_UNDECLARED_SELECTOR = YES;
				GCC_WARN_UNINITIALIZED_AUTOS = YES_AGGRESSIVE;
				GCC_WARN_UNUSED_FUNCTION = YES;
				GCC_WARN_UNUSED_VARIABLE = YES;
				IPHONEOS_DEPLOYMENT_TARGET = 17.4;
				LOCALIZATION_PREFERS_STRING_CATALOGS = YES;
				MTL_ENABLE_DEBUG_INFO = NO;
				MTL_FAST_MATH = YES;
				SDKROOT = iphoneos;
				SWIFT_COMPILATION_MODE = wholemodule;
				VALIDATE_PRODUCT = YES;
			};
			name = Release;
		};
		4058DE202C9AEA0C006C5D85 /* Debug */ = {
			isa = XCBuildConfiguration;
			buildSettings = {
				ASSETCATALOG_COMPILER_APPICON_NAME = AppIcon;
				ASSETCATALOG_COMPILER_GLOBAL_ACCENT_COLOR_NAME = AccentColor;
				CODE_SIGN_STYLE = Automatic;
				CURRENT_PROJECT_VERSION = 1;
				DEVELOPMENT_ASSET_PATHS = "\"UI Design/Preview Content\"";
				DEVELOPMENT_TEAM = AS85G6TJA4;
				ENABLE_PREVIEWS = YES;
				GENERATE_INFOPLIST_FILE = YES;
				INFOPLIST_FILE = "UI-Design-Info.plist";
				INFOPLIST_KEY_NSLocationAlwaysAndWhenInUseUsageDescription = "";
				INFOPLIST_KEY_NSLocationAlwaysUsageDescription = "Location Permission";
				INFOPLIST_KEY_NSLocationWhenInUseUsageDescription = "";
				INFOPLIST_KEY_UIApplicationSceneManifest_Generation = YES;
				INFOPLIST_KEY_UIApplicationSupportsIndirectInputEvents = YES;
				INFOPLIST_KEY_UILaunchScreen_Generation = YES;
				INFOPLIST_KEY_UISupportedInterfaceOrientations_iPad = "UIInterfaceOrientationPortrait UIInterfaceOrientationPortraitUpsideDown UIInterfaceOrientationLandscapeLeft UIInterfaceOrientationLandscapeRight";
				INFOPLIST_KEY_UISupportedInterfaceOrientations_iPhone = "UIInterfaceOrientationPortrait UIInterfaceOrientationLandscapeLeft UIInterfaceOrientationLandscapeRight";
				LD_RUNPATH_SEARCH_PATHS = (
					"$(inherited)",
					"@executable_path/Frameworks",
				);
				MARKETING_VERSION = 1.0;
				PRODUCT_BUNDLE_IDENTIFIER = "atB-Lab.UI-Design";
				PRODUCT_NAME = "$(TARGET_NAME)";
				SWIFT_EMIT_LOC_STRINGS = YES;
				SWIFT_VERSION = 5.0;
				TARGETED_DEVICE_FAMILY = "1,2";
			};
			name = Debug;
		};
		4058DE212C9AEA0C006C5D85 /* Release */ = {
			isa = XCBuildConfiguration;
			buildSettings = {
				ASSETCATALOG_COMPILER_APPICON_NAME = AppIcon;
				ASSETCATALOG_COMPILER_GLOBAL_ACCENT_COLOR_NAME = AccentColor;
				CODE_SIGN_STYLE = Automatic;
				CURRENT_PROJECT_VERSION = 1;
				DEVELOPMENT_ASSET_PATHS = "\"UI Design/Preview Content\"";
				DEVELOPMENT_TEAM = AS85G6TJA4;
				ENABLE_PREVIEWS = YES;
				GENERATE_INFOPLIST_FILE = YES;
				INFOPLIST_FILE = "UI-Design-Info.plist";
				INFOPLIST_KEY_NSLocationAlwaysAndWhenInUseUsageDescription = "";
				INFOPLIST_KEY_NSLocationAlwaysUsageDescription = "Location Permission";
				INFOPLIST_KEY_NSLocationWhenInUseUsageDescription = "";
				INFOPLIST_KEY_UIApplicationSceneManifest_Generation = YES;
				INFOPLIST_KEY_UIApplicationSupportsIndirectInputEvents = YES;
				INFOPLIST_KEY_UILaunchScreen_Generation = YES;
				INFOPLIST_KEY_UISupportedInterfaceOrientations_iPad = "UIInterfaceOrientationPortrait UIInterfaceOrientationPortraitUpsideDown UIInterfaceOrientationLandscapeLeft UIInterfaceOrientationLandscapeRight";
				INFOPLIST_KEY_UISupportedInterfaceOrientations_iPhone = "UIInterfaceOrientationPortrait UIInterfaceOrientationLandscapeLeft UIInterfaceOrientationLandscapeRight";
				LD_RUNPATH_SEARCH_PATHS = (
					"$(inherited)",
					"@executable_path/Frameworks",
				);
				MARKETING_VERSION = 1.0;
				PRODUCT_BUNDLE_IDENTIFIER = "atB-Lab.UI-Design";
				PRODUCT_NAME = "$(TARGET_NAME)";
				SWIFT_EMIT_LOC_STRINGS = YES;
				SWIFT_VERSION = 5.0;
				TARGETED_DEVICE_FAMILY = "1,2";
			};
			name = Release;
		};
/* End XCBuildConfiguration section */

/* Begin XCConfigurationList section */
		4058DE0C2C9AEA0B006C5D85 /* Build configuration list for PBXProject "UI Design" */ = {
			isa = XCConfigurationList;
			buildConfigurations = (
				4058DE1D2C9AEA0C006C5D85 /* Debug */,
				4058DE1E2C9AEA0C006C5D85 /* Release */,
			);
			defaultConfigurationIsVisible = 0;
			defaultConfigurationName = Release;
		};
		4058DE1F2C9AEA0C006C5D85 /* Build configuration list for PBXNativeTarget "UI Design" */ = {
			isa = XCConfigurationList;
			buildConfigurations = (
				4058DE202C9AEA0C006C5D85 /* Debug */,
				4058DE212C9AEA0C006C5D85 /* Release */,
			);
			defaultConfigurationIsVisible = 0;
			defaultConfigurationName = Release;
		};
/* End XCConfigurationList section */
	};
	rootObject = 4058DE092C9AEA0B006C5D85 /* Project object */;
}
